# This file is automatically @generated by Poetry 1.8.2 and should not be changed by hand.

[[package]]
name = "aider-install"
version = "0.1.3"
description = "Installer for the aider AI pair programming CLI tool."
optional = false
python-versions = ">=3.8"
files = [
    {file = "aider_install-0.1.3-py3-none-any.whl", hash = "sha256:798ce100ed1032c7679d520392c0042e8254bd942a9020759a17683ee66192a5"},
    {file = "aider_install-0.1.3.tar.gz", hash = "sha256:7981fd8e2a1ef3acb0383c75d3846e8095fbfcccb623b5e0d1091c983269d694"},
]

[package.dependencies]
uv = ">=0.5.0"

[[package]]
name = "uv"
version = "0.6.14"
description = "An extremely fast Python package and project manager, written in Rust."
optional = false
python-versions = ">=3.8"
files = [
    {file = "uv-0.6.14-py3-none-linux_armv6l.whl", hash = "sha256:c775e5d7a80ff43cb88856bbdcd838918d5ac3dc362414317e6bbaeb615fff98"},
    {file = "uv-0.6.14-py3-none-macosx_10_12_x86_64.whl", hash = "sha256:2578f6f8cdbcc036ffad1043f9f66ade3ac0babf29def6abd9eefd4a7c6621cb"},
    {file = "uv-0.6.14-py3-none-macosx_11_0_arm64.whl", hash = "sha256:9fc8fe58871b4fe02a863b05b8b1b25ef1b6c60d4d224e85338f5c2be0ab4f0e"},
    {file = "uv-0.6.14-py3-none-manylinux_2_17_aarch64.manylinux2014_aarch64.musllinux_1_1_aarch64.whl", hash = "sha256:2fb2cd7f6aae21b81474b0051d30e7ed939a9a71714948c47f58b0e7acdd2a80"},
    {file = "uv-0.6.14-py3-none-manylinux_2_17_armv7l.manylinux2014_armv7l.whl", hash = "sha256:d6ca3f99c1a6c1c430ae8f451133fb4e8c3a22f661c257425402a5d9430bb797"},
    {file = "uv-0.6.14-py3-none-manylinux_2_17_i686.manylinux2014_i686.whl", hash = "sha256:ed41877b679e0a1af9ab65427d829b87a81b499017e59c70756d4ba02ca43fcb"},
    {file = "uv-0.6.14-py3-none-manylinux_2_17_ppc64.manylinux2014_ppc64.whl", hash = "sha256:fe9b4361b1c8055301b715fdd94d94eb512053dc4545fec40d3fe3657f655987"},
    {file = "uv-0.6.14-py3-none-manylinux_2_17_ppc64le.manylinux2014_ppc64le.whl", hash = "sha256:998b67bb1cebbe044fc2c5cb251c29cffc56f62a6d55719d6f4e960461d6edad"},
    {file = "uv-0.6.14-py3-none-manylinux_2_17_s390x.manylinux2014_s390x.whl", hash = "sha256:6d433925db6e2ef46047b68962d136ff2ef17a7b5609168615f19e60674232c9"},
    {file = "uv-0.6.14-py3-none-manylinux_2_17_x86_64.manylinux2014_x86_64.whl", hash = "sha256:36aaeb00a70a10f748e16c7a1fc410862e2ba905806e7e9dfbc3e64596309404"},
    {file = "uv-0.6.14-py3-none-manylinux_2_28_aarch64.whl", hash = "sha256:11779beb3bd1f92814bc8d8cd350d5228e8f9198cca2f52138b53030a4061d93"},
    {file = "uv-0.6.14-py3-none-musllinux_1_1_armv7l.whl", hash = "sha256:bf1ec103cf9a0850f03935dc6a93cacc680fa2c90c3b41cfc10da311afab8f5b"},
    {file = "uv-0.6.14-py3-none-musllinux_1_1_i686.whl", hash = "sha256:955e36c98a438a249e178988d4f13b1bb831eb57264d73c459f171b5afd7b023"},
    {file = "uv-0.6.14-py3-none-musllinux_1_1_x86_64.whl", hash = "sha256:2d534e7dc1299c8b53eb7b4c7575e4f0933673ea8b1275d3f3022f5670e311db"},
    {file = "uv-0.6.14-py3-none-win32.whl", hash = "sha256:7cdf3c8d927b07d4eaffc44809eb57523d449705f10dabbdd6f34f7bdfc7d5fe"},
    {file = "uv-0.6.14-py3-none-win_amd64.whl", hash = "sha256:012f46bef6909209c4a6749e4019eb755ba762d37d7ceaaf76da9cb4b7f771e9"},
    {file = "uv-0.6.14-py3-none-win_arm64.whl", hash = "sha256:7465081b4d0b213d0055ccb48de7fe546b5cf0853c6d3601115760760634f6d8"},
    {file = "uv-0.6.14.tar.gz", hash = "sha256:a117466f307d164a74444949cc94ec4328ec880fb489cbaa7df324dab14c5c98"},
]

[metadata]
lock-version = "2.0"
python-versions = "^3.12"
content-hash = "23139034436e84f2e82d1ef23f4901f39d5b65287af898e58d25adcd0f206f8d"
